
Microsoft Visual Studio Solution File, Format Version 12.00
# Visual Studio Version 16
VisualStudioVersion = 16.0.29509.3
MinimumVisualStudioVersion = 10.0.40219.1
Project("{FAE04EC0-301F-11D3-BF4B-00C04F79EFBC}") = "LookupCollections", "LookupCollections\LookupCollections.csproj", "{F66A2959-8F15-4B7E-AF1B-71E3425D21E4}"
EndProject
Global
	GlobalSection(SolutionConfigurationPlatforms) = preSolution
		Debug|Any CPU = Debug|Any CPU
		Release|Any CPU = Release|Any CPU
	EndGlobalSection
	GlobalSection(ProjectConfigurationPlatforms) = postSolution
		{F66A2959-8F15-4B7E-AF1B-71E3425D21E4}.Debug|Any CPU.ActiveCfg = Debug|Any CPU
		{F66A2959-8F15-4B7E-AF1B-71E3425D21E4}.Debug|Any CPU.Build.0 = Debug|Any CPU
		{F66A2959-8F15-4B7E-AF1B-71E3425D21E4}.Release|Any CPU.ActiveCfg = Release|Any CPU
		{F66A2959-8F15-4B7E-AF1B-71E3425D21E4}.Release|Any CPU.Build.0 = Release|Any CPU
	EndGlobalSection
	GlobalSection(SolutionProperties) = preSolution
		HideSolutionNode = FALSE
	EndGlobalSection
	GlobalSection(ExtensibilityGlobals) = postSolution
		SolutionGuid = {BAB6D818-587A-4F4C-8A47-991F2040E1C5}
	EndGlobalSection
EndGlobal
